
Microsoft Visual Studio Solution File, Format Version 12.00
Project("{E8FC1E81-F9F7-44C8-BD49-B38984A4332E}") = "MoreResolutions", "MoreResolutionsProject\MoreResolutions.csproj", "{8D3C7AF4-9638-4B86-A372-DA655FDE2B0C}"
EndProject
Global
	GlobalSection(SolutionConfigurationPlatforms) = preSolution
		Debug|Any CPU = Debug|Any CPU
		Release|Any CPU = Release|Any CPU
	EndGlobalSection
	GlobalSection(ProjectConfigurationPlatforms) = postSolution
		{8D3C7AF4-9638-4B86-A372-DA655FDE2B0C}.Debug|Any CPU.ActiveCfg = Debug|Any CPU
		{8D3C7AF4-9638-4B86-A372-DA655FDE2B0C}.Debug|Any CPU.Build.0 = Debug|Any CPU
		{8D3C7AF4-9638-4B86-A372-DA655FDE2B0C}.Release|Any CPU.ActiveCfg = Release|Any CPU
		{8D3C7AF4-9638-4B86-A372-DA655FDE2B0C}.Release|Any CPU.Build.0 = Release|Any CPU
	EndGlobalSection
EndGlobal
